
Microsoft Visual Studio Solution File, Format Version 12.00
# Visual Studio Version 16
VisualStudioVersion = 16.6.30114.105
MinimumVisualStudioVersion = 10.0.40219.1
Project("{FAE04EC0-301F-11D3-BF4B-00C04F79EFBC}") = "BlazorWasmJwt.Core", "BlazorWasmJwt.Core\BlazorWasmJwt.Core.csproj", "{39A8FB65-70FF-42CF-A625-81FF16D110E8}"
EndProject
Project("{FAE04EC0-301F-11D3-BF4B-00C04F79EFBC}") = "BlazorWasmJwt.DAL", "BlazorWasmJwt.DAL\BlazorWasmJwt.DAL.csproj", "{54F9FD82-71E4-427F-80E5-0F6596DC0F05}"
EndProject
Project("{FAE04EC0-301F-11D3-BF4B-00C04F79EFBC}") = "BlazorWasmJwt.API", "BlazorWasmJwt.API\BlazorWasmJwt.API.csproj", "{8059AE72-DE1A-49C2-B6EE-BC80F8413CF7}"
EndProject
Project("{FAE04EC0-301F-11D3-BF4B-00C04F79EFBC}") = "BlazorWasmJwt.UI", "BlazorWasmJwt.UI\BlazorWasmJwt.UI.csproj", "{C6D5D10D-92A0-4174-8FFD-0236E64A3680}"
EndProject
Global
	GlobalSection(SolutionConfigurationPlatforms) = preSolution
		Debug|Any CPU = Debug|Any CPU
		Debug|x64 = Debug|x64
		Debug|x86 = Debug|x86
		Release|Any CPU = Release|Any CPU
		Release|x64 = Release|x64
		Release|x86 = Release|x86
	EndGlobalSection
	GlobalSection(SolutionProperties) = preSolution
		HideSolutionNode = FALSE
	EndGlobalSection
	GlobalSection(ProjectConfigurationPlatforms) = postSolution
		{39A8FB65-70FF-42CF-A625-81FF16D110E8}.Debug|Any CPU.ActiveCfg = Debug|Any CPU
		{39A8FB65-70FF-42CF-A625-81FF16D110E8}.Debug|Any CPU.Build.0 = Debug|Any CPU
		{39A8FB65-70FF-42CF-A625-81FF16D110E8}.Debug|x64.ActiveCfg = Debug|Any CPU
		{39A8FB65-70FF-42CF-A625-81FF16D110E8}.Debug|x64.Build.0 = Debug|Any CPU
		{39A8FB65-70FF-42CF-A625-81FF16D110E8}.Debug|x86.ActiveCfg = Debug|Any CPU
		{39A8FB65-70FF-42CF-A625-81FF16D110E8}.Debug|x86.Build.0 = Debug|Any CPU
		{39A8FB65-70FF-42CF-A625-81FF16D110E8}.Release|Any CPU.ActiveCfg = Release|Any CPU
		{39A8FB65-70FF-42CF-A625-81FF16D110E8}.Release|Any CPU.Build.0 = Release|Any CPU
		{39A8FB65-70FF-42CF-A625-81FF16D110E8}.Release|x64.ActiveCfg = Release|Any CPU
		{39A8FB65-70FF-42CF-A625-81FF16D110E8}.Release|x64.Build.0 = Release|Any CPU
		{39A8FB65-70FF-42CF-A625-81FF16D110E8}.Release|x86.ActiveCfg = Release|Any CPU
		{39A8FB65-70FF-42CF-A625-81FF16D110E8}.Release|x86.Build.0 = Release|Any CPU
		{54F9FD82-71E4-427F-80E5-0F6596DC0F05}.Debug|Any CPU.ActiveCfg = Debug|Any CPU
		{54F9FD82-71E4-427F-80E5-0F6596DC0F05}.Debug|Any CPU.Build.0 = Debug|Any CPU
		{54F9FD82-71E4-427F-80E5-0F6596DC0F05}.Debug|x64.ActiveCfg = Debug|Any CPU
		{54F9FD82-71E4-427F-80E5-0F6596DC0F05}.Debug|x64.Build.0 = Debug|Any CPU
		{54F9FD82-71E4-427F-80E5-0F6596DC0F05}.Debug|x86.ActiveCfg = Debug|Any CPU
		{54F9FD82-71E4-427F-80E5-0F6596DC0F05}.Debug|x86.Build.0 = Debug|Any CPU
		{54F9FD82-71E4-427F-80E5-0F6596DC0F05}.Release|Any CPU.ActiveCfg = Release|Any CPU
		{54F9FD82-71E4-427F-80E5-0F6596DC0F05}.Release|Any CPU.Build.0 = Release|Any CPU
		{54F9FD82-71E4-427F-80E5-0F6596DC0F05}.Release|x64.ActiveCfg = Release|Any CPU
		{54F9FD82-71E4-427F-80E5-0F6596DC0F05}.Release|x64.Build.0 = Release|Any CPU
		{54F9FD82-71E4-427F-80E5-0F6596DC0F05}.Release|x86.ActiveCfg = Release|Any CPU
		{54F9FD82-71E4-427F-80E5-0F6596DC0F05}.Release|x86.Build.0 = Release|Any CPU
		{8059AE72-DE1A-49C2-B6EE-BC80F8413CF7}.Debug|Any CPU.ActiveCfg = Debug|Any CPU
		{8059AE72-DE1A-49C2-B6EE-BC80F8413CF7}.Debug|Any CPU.Build.0 = Debug|Any CPU
		{8059AE72-DE1A-49C2-B6EE-BC80F8413CF7}.Debug|x64.ActiveCfg = Debug|Any CPU
		{8059AE72-DE1A-49C2-B6EE-BC80F8413CF7}.Debug|x64.Build.0 = Debug|Any CPU
		{8059AE72-DE1A-49C2-B6EE-BC80F8413CF7}.Debug|x86.ActiveCfg = Debug|Any CPU
		{8059AE72-DE1A-49C2-B6EE-BC80F8413CF7}.Debug|x86.Build.0 = Debug|Any CPU
		{8059AE72-DE1A-49C2-B6EE-BC80F8413CF7}.Release|Any CPU.ActiveCfg = Release|Any CPU
		{8059AE72-DE1A-49C2-B6EE-BC80F8413CF7}.Release|Any CPU.Build.0 = Release|Any CPU
		{8059AE72-DE1A-49C2-B6EE-BC80F8413CF7}.Release|x64.ActiveCfg = Release|Any CPU
		{8059AE72-DE1A-49C2-B6EE-BC80F8413CF7}.Release|x64.Build.0 = Release|Any CPU
		{8059AE72-DE1A-49C2-B6EE-BC80F8413CF7}.Release|x86.ActiveCfg = Release|Any CPU
		{8059AE72-DE1A-49C2-B6EE-BC80F8413CF7}.Release|x86.Build.0 = Release|Any CPU
		{C6D5D10D-92A0-4174-8FFD-0236E64A3680}.Debug|Any CPU.ActiveCfg = Debug|Any CPU
		{C6D5D10D-92A0-4174-8FFD-0236E64A3680}.Debug|Any CPU.Build.0 = Debug|Any CPU
		{C6D5D10D-92A0-4174-8FFD-0236E64A3680}.Debug|x64.ActiveCfg = Debug|Any CPU
		{C6D5D10D-92A0-4174-8FFD-0236E64A3680}.Debug|x64.Build.0 = Debug|Any CPU
		{C6D5D10D-92A0-4174-8FFD-0236E64A3680}.Debug|x86.ActiveCfg = Debug|Any CPU
		{C6D5D10D-92A0-4174-8FFD-0236E64A3680}.Debug|x86.Build.0 = Debug|Any CPU
		{C6D5D10D-92A0-4174-8FFD-0236E64A3680}.Release|Any CPU.ActiveCfg = Release|Any CPU
		{C6D5D10D-92A0-4174-8FFD-0236E64A3680}.Release|Any CPU.Build.0 = Release|Any CPU
		{C6D5D10D-92A0-4174-8FFD-0236E64A3680}.Release|x64.ActiveCfg = Release|Any CPU
		{C6D5D10D-92A0-4174-8FFD-0236E64A3680}.Release|x64.Build.0 = Release|Any CPU
		{C6D5D10D-92A0-4174-8FFD-0236E64A3680}.Release|x86.ActiveCfg = Release|Any CPU
		{C6D5D10D-92A0-4174-8FFD-0236E64A3680}.Release|x86.Build.0 = Release|Any CPU
	EndGlobalSection
EndGlobal
